
Microsoft Visual Studio Solution File, Format Version 12.00
# Visual Studio 15
VisualStudioVersion = 15.0.28307.572
MinimumVisualStudioVersion = 10.0.40219.1
Project("{9A19103F-16F7-4668-BE54-9A1E7A4F7556}") = "Questionary", "Questionary.csproj", "{88D34D89-BF2F-483E-8BED-9A39C218329B}"
EndProject
Global
	GlobalSection(SolutionConfigurationPlatforms) = preSolution
		Debug|Any CPU = Debug|Any CPU
		Release|Any CPU = Release|Any CPU
	EndGlobalSection
	GlobalSection(ProjectConfigurationPlatforms) = postSolution
		{88D34D89-BF2F-483E-8BED-9A39C218329B}.Debug|Any CPU.ActiveCfg = Debug|Any CPU
		{88D34D89-BF2F-483E-8BED-9A39C218329B}.Debug|Any CPU.Build.0 = Debug|Any CPU
		{88D34D89-BF2F-483E-8BED-9A39C218329B}.Release|Any CPU.ActiveCfg = Release|Any CPU
		{88D34D89-BF2F-483E-8BED-9A39C218329B}.Release|Any CPU.Build.0 = Release|Any CPU
	EndGlobalSection
	GlobalSection(SolutionProperties) = preSolution
		HideSolutionNode = FALSE
	EndGlobalSection
	GlobalSection(ExtensibilityGlobals) = postSolution
		SolutionGuid = {20D04851-8672-4E75-B669-4E7080B6C731}
	EndGlobalSection
EndGlobal
